
Microsoft Visual Studio Solution File, Format Version 12.00
# Visual Studio Version 16
VisualStudioVersion = 16.0.30907.101
MinimumVisualStudioVersion = 10.0.40219.1
Project("{FAE04EC0-301F-11D3-BF4B-00C04F79EFBC}") = "FormJuego", "FormJuego\FormJuego.csproj", "{39FC8D52-3B57-48BD-A2A3-80BA94A26079}"
EndProject
Global
	GlobalSection(SolutionConfigurationPlatforms) = preSolution
		Debug|Any CPU = Debug|Any CPU
		Release|Any CPU = Release|Any CPU
	EndGlobalSection
	GlobalSection(ProjectConfigurationPlatforms) = postSolution
		{39FC8D52-3B57-48BD-A2A3-80BA94A26079}.Debug|Any CPU.ActiveCfg = Debug|Any CPU
		{39FC8D52-3B57-48BD-A2A3-80BA94A26079}.Debug|Any CPU.Build.0 = Debug|Any CPU
		{39FC8D52-3B57-48BD-A2A3-80BA94A26079}.Release|Any CPU.ActiveCfg = Release|Any CPU
		{39FC8D52-3B57-48BD-A2A3-80BA94A26079}.Release|Any CPU.Build.0 = Release|Any CPU
	EndGlobalSection
	GlobalSection(SolutionProperties) = preSolution
		HideSolutionNode = FALSE
	EndGlobalSection
	GlobalSection(ExtensibilityGlobals) = postSolution
		SolutionGuid = {D338696E-1C30-4FAA-909E-D107B068ED41}
	EndGlobalSection
EndGlobal
